#MicroXplorer Configuration settings - do not modify
CORTEX_M7.ART_ACCLERATOR_ENABLE=1
CORTEX_M7.CPU_DCache=Disabled
CORTEX_M7.CPU_ICache=Enabled
CORTEX_M7.Enable-Cortex_Memory_Protection_Unit_Region0_Settings=__NULL
CORTEX_M7.FlashInterface=AXI_Enabled
CORTEX_M7.IPParameters=ART_ACCLERATOR_ENABLE,FlashInterface,CPU_ICache,CPU_DCache,MPU_Control,Enable-Cortex_Memory_Protection_Unit_Region0_Settings,PREFETCH_ENABLE
CORTEX_M7.MPU_Control=__NULL
CORTEX_M7.PREFETCH_ENABLE=1
Dma.Request0=USART3_RX
Dma.Request1=SPI1_TX
Dma.Request2=SPI5_RX
Dma.Request3=SPI5_TX
Dma.RequestsNb=4
Dma.SPI1_TX.1.Direction=DMA_MEMORY_TO_PERIPH
Dma.SPI1_TX.1.FIFOMode=DMA_FIFOMODE_DISABLE
Dma.SPI1_TX.1.Instance=DMA2_Stream5
Dma.SPI1_TX.1.MemDataAlignment=DMA_MDATAALIGN_BYTE
Dma.SPI1_TX.1.MemInc=DMA_MINC_ENABLE
Dma.SPI1_TX.1.Mode=DMA_NORMAL
Dma.SPI1_TX.1.PeriphDataAlignment=DMA_PDATAALIGN_BYTE
Dma.SPI1_TX.1.PeriphInc=DMA_PINC_DISABLE
Dma.SPI1_TX.1.Priority=DMA_PRIORITY_LOW
Dma.SPI1_TX.1.RequestParameters=Instance,Direction,PeriphInc,MemInc,PeriphDataAlignment,MemDataAlignment,Mode,Priority,FIFOMode
Dma.SPI5_RX.2.Direction=DMA_PERIPH_TO_MEMORY
Dma.SPI5_RX.2.FIFOMode=DMA_FIFOMODE_DISABLE
Dma.SPI5_RX.2.Instance=DMA2_Stream3
Dma.SPI5_RX.2.MemDataAlignment=DMA_MDATAALIGN_BYTE
Dma.SPI5_RX.2.MemInc=DMA_MINC_ENABLE
Dma.SPI5_RX.2.Mode=DMA_NORMAL
Dma.SPI5_RX.2.PeriphDataAlignment=DMA_PDATAALIGN_BYTE
Dma.SPI5_RX.2.PeriphInc=DMA_PINC_DISABLE
Dma.SPI5_RX.2.Priority=DMA_PRIORITY_MEDIUM
Dma.SPI5_RX.2.RequestParameters=Instance,Direction,PeriphInc,MemInc,PeriphDataAlignment,MemDataAlignment,Mode,Priority,FIFOMode
Dma.SPI5_TX.3.Direction=DMA_MEMORY_TO_PERIPH
Dma.SPI5_TX.3.FIFOMode=DMA_FIFOMODE_DISABLE
Dma.SPI5_TX.3.Instance=DMA2_Stream4
Dma.SPI5_TX.3.MemDataAlignment=DMA_MDATAALIGN_BYTE
Dma.SPI5_TX.3.MemInc=DMA_MINC_ENABLE
Dma.SPI5_TX.3.Mode=DMA_NORMAL
Dma.SPI5_TX.3.PeriphDataAlignment=DMA_PDATAALIGN_BYTE
Dma.SPI5_TX.3.PeriphInc=DMA_PINC_DISABLE
Dma.SPI5_TX.3.Priority=DMA_PRIORITY_LOW
Dma.SPI5_TX.3.RequestParameters=Instance,Direction,PeriphInc,MemInc,PeriphDataAlignment,MemDataAlignment,Mode,Priority,FIFOMode
Dma.USART3_RX.0.Direction=DMA_PERIPH_TO_MEMORY
Dma.USART3_RX.0.FIFOMode=DMA_FIFOMODE_DISABLE
Dma.USART3_RX.0.Instance=DMA1_Stream1
Dma.USART3_RX.0.MemDataAlignment=DMA_MDATAALIGN_BYTE
Dma.USART3_RX.0.MemInc=DMA_MINC_ENABLE
Dma.USART3_RX.0.Mode=DMA_NORMAL
Dma.USART3_RX.0.PeriphDataAlignment=DMA_PDATAALIGN_BYTE
Dma.USART3_RX.0.PeriphInc=DMA_PINC_DISABLE
Dma.USART3_RX.0.Priority=DMA_PRIORITY_HIGH
Dma.USART3_RX.0.RequestParameters=Instance,Direction,PeriphInc,MemInc,PeriphDataAlignment,MemDataAlignment,Mode,Priority,FIFOMode
File.Version=6
KeepUserPlacement=true
Mcu.Family=STM32F7
Mcu.IP0=CORTEX_M7
Mcu.IP1=DMA
Mcu.IP10=TIM6
Mcu.IP11=USART3
Mcu.IP12=USB_DEVICE
Mcu.IP13=USB_HOST
Mcu.IP14=USB_OTG_FS
Mcu.IP15=USB_OTG_HS
Mcu.IP2=NVIC
Mcu.IP3=QUADSPI
Mcu.IP4=RCC
Mcu.IP5=SPI1
Mcu.IP6=SPI2
Mcu.IP7=SPI5
Mcu.IP8=SYS
Mcu.IP9=TIM3
Mcu.IPNb=16
Mcu.Name=STM32F746B(E-G)Tx
Mcu.Package=LQFP208
Mcu.Pin0=PE2
Mcu.Pin1=PI8
Mcu.Pin10=PI12
Mcu.Pin100=PD2
Mcu.Pin101=PD3
Mcu.Pin102=PD4
Mcu.Pin103=PD5
Mcu.Pin104=PD6
Mcu.Pin105=PD7
Mcu.Pin106=PB3
Mcu.Pin107=PB4
Mcu.Pin108=PB6
Mcu.Pin109=PB7
Mcu.Pin11=PI13
Mcu.Pin110=PB8
Mcu.Pin111=PB9
Mcu.Pin112=PE0
Mcu.Pin113=PE1
Mcu.Pin114=PI4
Mcu.Pin115=PI5
Mcu.Pin116=PI6
Mcu.Pin117=PI7
Mcu.Pin118=VP_SYS_VS_Systick
Mcu.Pin119=VP_TIM6_VS_ClockSourceINT
Mcu.Pin12=PI14
Mcu.Pin120=VP_TIM6_VS_OPM
Mcu.Pin121=VP_USB_DEVICE_VS_USB_DEVICE_CDC_FS
Mcu.Pin122=VP_USB_HOST_VS_USB_HOST_HID_HS
Mcu.Pin13=PF3
Mcu.Pin14=PF4
Mcu.Pin15=PF5
Mcu.Pin16=PF6
Mcu.Pin17=PF7
Mcu.Pin18=PF8
Mcu.Pin19=PF9
Mcu.Pin2=PC14/OSC32_IN
Mcu.Pin20=PF10
Mcu.Pin21=PH0/OSC_IN
Mcu.Pin22=PH1/OSC_OUT
Mcu.Pin23=PC0
Mcu.Pin24=PC1
Mcu.Pin25=PC2
Mcu.Pin26=PC3
Mcu.Pin27=PA0/WKUP
Mcu.Pin28=PA1
Mcu.Pin29=PA2
Mcu.Pin3=PC15/OSC32_OUT
Mcu.Pin30=PH2
Mcu.Pin31=PH3
Mcu.Pin32=PH4
Mcu.Pin33=PH5
Mcu.Pin34=PA3
Mcu.Pin35=PA4
Mcu.Pin36=PA5
Mcu.Pin37=PA7
Mcu.Pin38=PC4
Mcu.Pin39=PC5
Mcu.Pin4=PI9
Mcu.Pin40=PB0
Mcu.Pin41=PB1
Mcu.Pin42=PB2
Mcu.Pin43=PI15
Mcu.Pin44=PF11
Mcu.Pin45=PF12
Mcu.Pin46=PF13
Mcu.Pin47=PF14
Mcu.Pin48=PF15
Mcu.Pin49=PE7
Mcu.Pin5=PI10
Mcu.Pin50=PE8
Mcu.Pin51=PE9
Mcu.Pin52=PE10
Mcu.Pin53=PE11
Mcu.Pin54=PE12
Mcu.Pin55=PE13
Mcu.Pin56=PE14
Mcu.Pin57=PE15
Mcu.Pin58=PB10
Mcu.Pin59=PB11
Mcu.Pin6=PI11
Mcu.Pin60=PH6
Mcu.Pin61=PH7
Mcu.Pin62=PH8
Mcu.Pin63=PH9
Mcu.Pin64=PH10
Mcu.Pin65=PH11
Mcu.Pin66=PH12
Mcu.Pin67=PB12
Mcu.Pin68=PB13
Mcu.Pin69=PB14
Mcu.Pin7=PF0
Mcu.Pin70=PB15
Mcu.Pin71=PD8
Mcu.Pin72=PD9
Mcu.Pin73=PD11
Mcu.Pin74=PD12
Mcu.Pin75=PD13
Mcu.Pin76=PD14
Mcu.Pin77=PD15
Mcu.Pin78=PC6
Mcu.Pin79=PC7
Mcu.Pin8=PF1
Mcu.Pin80=PC9
Mcu.Pin81=PA9
Mcu.Pin82=PA10
Mcu.Pin83=PA11
Mcu.Pin84=PA12
Mcu.Pin85=PA13
Mcu.Pin86=PH13
Mcu.Pin87=PH14
Mcu.Pin88=PH15
Mcu.Pin89=PI0
Mcu.Pin9=PF2
Mcu.Pin90=PI1
Mcu.Pin91=PI2
Mcu.Pin92=PI3
Mcu.Pin93=PA14
Mcu.Pin94=PA15
Mcu.Pin95=PC10
Mcu.Pin96=PC11
Mcu.Pin97=PC12
Mcu.Pin98=PD0
Mcu.Pin99=PD1
Mcu.PinsNb=123
Mcu.ThirdPartyNb=0
Mcu.UserConstants=encoder_max,4096
Mcu.UserName=STM32F746BGTx
MxCube.Version=4.26.1
MxDb.Version=DB.4.0.261
NVIC.BusFault_IRQn=true\:0\:0\:false\:false\:false\:true
NVIC.DMA1_Stream1_IRQn=true\:3\:0\:true\:false\:true\:true
NVIC.DMA2_Stream3_IRQn=true\:12\:0\:true\:false\:true\:true
NVIC.DMA2_Stream4_IRQn=true\:12\:0\:true\:false\:true\:true
NVIC.DMA2_Stream5_IRQn=true\:7\:0\:true\:false\:true\:true
NVIC.DebugMonitor_IRQn=true\:0\:0\:false\:false\:false\:true
NVIC.EXTI15_10_IRQn=true\:2\:0\:true\:false\:true\:true
NVIC.HardFault_IRQn=true\:0\:0\:false\:false\:true\:true
NVIC.MemoryManagement_IRQn=true\:0\:0\:false\:false\:false\:true
NVIC.NonMaskableInt_IRQn=true\:0\:0\:false\:false\:false\:true
NVIC.OTG_FS_IRQn=true\:1\:0\:true\:false\:true\:true
NVIC.OTG_HS_EP1_IN_IRQn=true\:1\:0\:true\:false\:true\:true
NVIC.OTG_HS_EP1_OUT_IRQn=true\:1\:0\:true\:false\:true\:true
NVIC.OTG_HS_IRQn=true\:1\:0\:true\:false\:true\:true
NVIC.PendSV_IRQn=true\:0\:0\:false\:false\:true\:true
NVIC.PriorityGroup=NVIC_PRIORITYGROUP_4
NVIC.QUADSPI_IRQn=true\:10\:0\:true\:false\:true\:true
NVIC.SPI1_IRQn=true\:7\:0\:true\:false\:true\:true
NVIC.SPI5_IRQn=true\:12\:0\:true\:false\:true\:true
NVIC.SVCall_IRQn=true\:0\:0\:false\:false\:true\:true
NVIC.SysTick_IRQn=true\:0\:0\:true\:false\:true\:true
NVIC.TIM3_IRQn=true\:14\:0\:true\:false\:true\:true
NVIC.TIM6_DAC_IRQn=true\:4\:0\:true\:false\:true\:true
NVIC.USART3_IRQn=true\:3\:0\:true\:false\:true\:true
NVIC.UsageFault_IRQn=true\:0\:0\:false\:false\:false\:true
PA0/WKUP.GPIOParameters=GPIO_Label
PA0/WKUP.GPIO_Label=BLUE_LED
PA0/WKUP.Locked=true
PA0/WKUP.Signal=GPIO_Output
PA1.GPIOParameters=GPIO_Label
PA1.GPIO_Label=GREEN_LED
PA1.Locked=true
PA1.Signal=GPIO_Output
PA10.GPIOParameters=GPIO_Label,GPIO_ModeDefaultEXTI
PA10.GPIO_Label=FRAMEIN
PA10.GPIO_ModeDefaultEXTI=GPIO_MODE_IT_RISING_FALLING
PA10.Locked=true
PA10.Signal=GPXTI10
PA11.GPIOParameters=GPIO_Label
PA11.GPIO_Label=TB_USB_D-
PA11.Locked=true
PA11.Mode=Device_Only
PA11.Signal=USB_OTG_FS_DM
PA12.GPIOParameters=GPIO_Label
PA12.GPIO_Label=TB_USB_D+
PA12.Locked=true
PA12.Mode=Device_Only
PA12.Signal=USB_OTG_FS_DP
PA13.GPIOParameters=GPIO_Label
PA13.GPIO_Label=SWDIO
PA13.Locked=true
PA13.Mode=JTAG_5_pins
PA13.Signal=SYS_JTMS-SWDIO
PA14.GPIOParameters=GPIO_Label
PA14.GPIO_Label=SWCLK
PA14.Locked=true
PA14.Mode=JTAG_5_pins
PA14.Signal=SYS_JTCK-SWCLK
PA15.GPIOParameters=GPIO_Label
PA15.GPIO_Label=JTDI
PA15.Mode=JTAG_5_pins
PA15.Signal=SYS_JTDI
PA2.GPIOParameters=GPIO_Label
PA2.GPIO_Label=YELLOW_LED
PA2.Locked=true
PA2.Signal=GPIO_Output
PA3.GPIOParameters=GPIO_Label
PA3.GPIO_Label=RED_LED
PA3.Locked=true
PA3.Signal=GPIO_Output
PA4.GPIOParameters=GPIO_Label
PA4.GPIO_Label=DispCS
PA4.Locked=true
PA4.Signal=GPIO_Output
PA5.GPIOParameters=GPIO_Label
PA5.GPIO_Label=DispSCK
PA5.Locked=true
PA5.Mode=TX_Only_Simplex_Unidirect_Master
PA5.Signal=SPI1_SCK
PA7.GPIOParameters=GPIO_Label
PA7.GPIO_Label=DispMOSI
PA7.Locked=true
PA7.Mode=TX_Only_Simplex_Unidirect_Master
PA7.Signal=SPI1_MOSI
PA9.GPIOParameters=PinState,GPIO_Label
PA9.GPIO_Label=FRAMEOUT
PA9.Locked=true
PA9.PinState=GPIO_PIN_RESET
PA9.Signal=GPIO_Output
PB0.GPIOParameters=GPIO_Label
PB0.GPIO_Label=SET_AG401_2_2
PB0.Locked=true
PB0.Signal=GPIO_Output
PB1.GPIOParameters=GPIO_Label
PB1.GPIO_Label=RESET_AG401_2_2
PB1.Locked=true
PB1.Signal=GPIO_Output
PB10.GPIOParameters=GPIO_Label
PB10.GPIO_Label=Tx
PB10.Locked=true
PB10.Mode=Asynchronous
PB10.Signal=USART3_TX
PB11.GPIOParameters=GPIO_Label
PB11.GPIO_Label=Rx
PB11.Locked=true
PB11.Mode=Asynchronous
PB11.Signal=USART3_RX
PB12.GPIOParameters=GPIO_Label
PB12.GPIO_Label=LPA_USB_SET
PB12.Locked=true
PB12.Signal=GPIO_Output
PB13.GPIOParameters=GPIO_Label
PB13.GPIO_Label=LPA_USB_RESET
PB13.Locked=true
PB13.Signal=GPIO_Output
PB14.GPIOParameters=GPIO_Label
PB14.GPIO_Label=LPA_USB_D-
PB14.Locked=true
PB14.Mode=Host_FS
PB14.Signal=USB_OTG_HS_DM
PB15.GPIOParameters=GPIO_Label
PB15.GPIO_Label=LPA_USB_D+
PB15.Locked=true
PB15.Mode=Host_FS
PB15.Signal=USB_OTG_HS_DP
PB2.GPIOParameters=GPIO_Label
PB2.GPIO_Label=QSPI_CLK
PB2.Locked=true
PB2.Mode=Single Bank 1
PB2.Signal=QUADSPI_CLK
PB3.GPIOParameters=GPIO_Label
PB3.GPIO_Label=SWO
PB3.Locked=true
PB3.Mode=JTAG_5_pins
PB3.Signal=SYS_JTDO-SWO
PB4.GPIOParameters=GPIO_Label
PB4.GPIO_Label=JTRST
PB4.Mode=JTAG_5_pins
PB4.Signal=SYS_JTRST
PB6.GPIOParameters=GPIO_PuPd,GPIO_Label
PB6.GPIO_Label=QSPI_NCS
PB6.GPIO_PuPd=GPIO_PULLUP
PB6.Locked=true
PB6.Mode=Single Bank 1
PB6.Signal=QUADSPI_BK1_NCS
PB7.GPIOParameters=GPIO_Label
PB7.GPIO_Label=SET_BOOT0
PB7.Locked=true
PB7.Signal=GPIO_Output
PB8.GPIOParameters=GPIO_Label
PB8.GPIO_Label=SET_AG420_1_CR
PB8.Locked=true
PB8.Signal=GPIO_Output
PB9.GPIOParameters=GPIO_Label
PB9.GPIO_Label=RESET_AG420_1_CR
PB9.Locked=true
PB9.Signal=GPIO_Output
PC0.GPIOParameters=GPIO_Label
PC0.GPIO_Label=SET_CR_1
PC0.Locked=true
PC0.Signal=GPIO_Output
PC1.GPIOParameters=GPIO_Label
PC1.GPIO_Label=RESET_CR_1
PC1.Locked=true
PC1.Signal=GPIO_Output
PC10.GPIOParameters=GPIO_Label
PC10.GPIO_Label=SET_SC
PC10.Locked=true
PC10.Signal=GPIO_Output
PC11.GPIOParameters=GPIO_Label
PC11.GPIO_Label=RESET_SC
PC11.Locked=true
PC11.Signal=GPIO_Output
PC12.GPIOParameters=GPIO_Label
PC12.GPIO_Label=SET_DAC+
PC12.Locked=true
PC12.Signal=GPIO_Output
PC14/OSC32_IN.Mode=LSE-External-Oscillator
PC14/OSC32_IN.Signal=RCC_OSC32_IN
PC15/OSC32_OUT.Mode=LSE-External-Oscillator
PC15/OSC32_OUT.Signal=RCC_OSC32_OUT
PC2.GPIOParameters=GPIO_Label
PC2.GPIO_Label=RESET_AG420_2_CH1
PC2.Locked=true
PC2.Signal=GPIO_Output
PC3.GPIOParameters=GPIO_Label
PC3.GPIO_Label=SET_AG420_2_CH1
PC3.Locked=true
PC3.Signal=GPIO_Output
PC4.GPIOParameters=GPIO_Label
PC4.GPIO_Label=DispRST
PC4.Locked=true
PC4.Signal=GPIO_Output
PC5.GPIOParameters=GPIO_Label
PC5.GPIO_Label=DispDC
PC5.Locked=true
PC5.Signal=GPIO_Output
PC6.GPIOParameters=GPIO_Label
PC6.GPIO_Label=EncoderA
PC6.Locked=true
PC6.Signal=S_TIM3_CH1
PC7.GPIOParameters=GPIO_Label
PC7.GPIO_Label=EncoderB
PC7.Locked=true
PC7.Signal=S_TIM3_CH2
PC9.GPIOParameters=GPIO_Label
PC9.GPIO_Label=EncoderS
PC9.Locked=true
PC9.Signal=GPXTI9
PCC.Checker=false
PCC.Line=STM32F7x6
PCC.MCU=STM32F746B(E-G)Tx
PCC.PartNumber=STM32F746BGTx
PCC.Seq0=2
PCC.Seq0.Step0.Average_Current=111.48 mA
PCC.Seq0.Step0.CPU_Frequency=180000000 Hz
PCC.Seq0.Step0.Category=Interpolation
PCC.Seq0.Step0.DMIPS=385.20004
PCC.Seq0.Step0.Duration=1 ms
PCC.Seq0.Step0.Frequency=4.0 MHz
PCC.Seq0.Step0.Memory=SRAM/FLASH-ART/L1Cache/REGON
PCC.Seq0.Step0.Mode=RUN
PCC.Seq0.Step0.Oscillator=HSE PLL
PCC.Seq0.Step0.Peripherals=DMA1\:8 Streams DMA2\:8 Streams FMC I2C1 I2C2 I2C3 I2C4 LTDC SDMMC1 SPI1/I2S1 SPI2/I2S2 SPI3/I2S3 SPI4 SPI5 USART1 USART3 USB_OTG_FS
PCC.Seq0.Step0.TaMax=98.01
PCC.Seq0.Step0.User's_Consumption=0 mA
PCC.Seq0.Step0.Vcore=Scale1-High
PCC.Seq0.Step0.Vdd=3.3
PCC.Seq0.Step0.Voltage_Source=Vbus
PCC.Seq0.Step1.Average_Current=191.29 mA
PCC.Seq0.Step1.CPU_Frequency=216.0 MHz
PCC.Seq0.Step1.Category=In DS Table
PCC.Seq0.Step1.DMIPS=462.24002
PCC.Seq0.Step1.Duration=1 ms
PCC.Seq0.Step1.Frequency=4.0 MHz
PCC.Seq0.Step1.Memory=ITCM/FLASH/REGON
PCC.Seq0.Step1.Mode=RUN
PCC.Seq0.Step1.Oscillator=HSE PLL
PCC.Seq0.Step1.Peripherals=DMA1\:8 Streams DMA2\:8 Streams DMA2D FMC GPIOA GPIOB GPIOC GPIOD GPIOE GPIOF GPIOG GPIOH GPIOI GPIOJ GPIOK I2C1 I2C2 I2C3 I2C4 LPTIM1 LTDC PWR SDMMC1 SPI1/I2S1 SPI2/I2S2 SPI3/I2S3 SPI4 SPI5 SPI6 SYS TIM1 TIM2 TIM3 TIM4 TIM5 TIM6 TIM7 TIM8 TIM9 TIM10 TIM11 TIM12 TIM13 TIM14 UART4 UART5 UART7 UART8 USART1 USART2 USART3 USART6 USB_OTG_FS USB_OTG_HS
PCC.Seq0.Step1.TaMax=93.01
PCC.Seq0.Step1.User's_Consumption=0 mA
PCC.Seq0.Step1.Vcore=Scale1-High
PCC.Seq0.Step1.Vdd=3.3
PCC.Seq0.Step1.Voltage_Source=Vbus
PCC.Series=STM32F7
PCC.Temperature=25
PCC.Vdd=3.3
PD0.GPIOParameters=GPIO_Label
PD0.GPIO_Label=RESET_DAC+
PD0.Locked=true
PD0.Signal=GPIO_Output
PD1.GPIOParameters=GPIO_Label
PD1.GPIO_Label=SET_DAC-
PD1.Locked=true
PD1.Signal=GPIO_Output
PD11.GPIOParameters=GPIO_PuPd,GPIO_Label
PD11.GPIO_Label=QSPI_D0
PD11.GPIO_PuPd=GPIO_PULLUP
PD11.Locked=true
PD11.Mode=Single Bank 1
PD11.Signal=QUADSPI_BK1_IO0
PD12.GPIOParameters=GPIO_PuPd,GPIO_Label
PD12.GPIO_Label=QSPI_D1
PD12.GPIO_PuPd=GPIO_PULLUP
PD12.Locked=true
PD12.Mode=Single Bank 1
PD12.Signal=QUADSPI_BK1_IO1
PD13.GPIOParameters=GPIO_PuPd,GPIO_Label
PD13.GPIO_Label=QSPI_D3
PD13.GPIO_PuPd=GPIO_PULLUP
PD13.Locked=true
PD13.Mode=Single Bank 1
PD13.Signal=QUADSPI_BK1_IO3
PD14.GPIOParameters=GPIO_Label
PD14.GPIO_Label=SET_LPA_POW
PD14.Locked=true
PD14.Signal=GPIO_Output
PD15.GPIOParameters=GPIO_Label
PD15.GPIO_Label=RESET_LPA_POW
PD15.Locked=true
PD15.Signal=GPIO_Output
PD2.GPIOParameters=GPIO_Label
PD2.GPIO_Label=RESET_DAC-
PD2.Locked=true
PD2.Signal=GPIO_Output
PD3.GPIOParameters=GPIO_Label
PD3.GPIO_Label=EN_RELAY
PD3.Locked=true
PD3.Signal=GPIO_Output
PD4.GPIOParameters=GPIO_Label
PD4.GPIO_Label=SET_CR_2
PD4.Locked=true
PD4.Signal=GPIO_Output
PD5.GPIOParameters=GPIO_Label
PD5.GPIO_Label=RESET_CR_2
PD5.Locked=true
PD5.Signal=GPIO_Output
PD6.GPIOParameters=GPIO_Label
PD6.GPIO_Label=SET_WARMUP_1
PD6.Locked=true
PD6.Signal=GPIO_Output
PD7.GPIOParameters=GPIO_Label
PD7.GPIO_Label=RESET_WARMUP_1
PD7.Locked=true
PD7.Signal=GPIO_Output
PD8.GPIOParameters=GPIO_Label
PD8.GPIO_Label=RS_DE
PD8.Locked=true
PD8.Signal=GPIO_Output
PD9.GPIOParameters=GPIO_Label
PD9.GPIO_Label=ISPOWER
PD9.Locked=true
PD9.Signal=GPIO_Input
PE0.GPIOParameters=GPIO_Label
PE0.GPIO_Label=RESET_AG420_2_TR1
PE0.Locked=true
PE0.Signal=GPIO_Output
PE1.GPIOParameters=GPIO_Label
PE1.GPIO_Label=SET_AG420_2_TR1
PE1.Locked=true
PE1.Signal=GPIO_Output
PE10.GPIOParameters=GPIO_Label
PE10.GPIO_Label=SET_AG420_1_TR1
PE10.Locked=true
PE10.Signal=GPIO_Output
PE11.GPIOParameters=GPIO_Label
PE11.GPIO_Label=RESET_R1
PE11.Locked=true
PE11.Signal=GPIO_Output
PE12.GPIOParameters=GPIO_Label
PE12.GPIO_Label=SET_R1
PE12.Locked=true
PE12.Signal=GPIO_Output
PE13.GPIOParameters=GPIO_Label
PE13.GPIO_Label=RESET_R2
PE13.Locked=true
PE13.Signal=GPIO_Output
PE14.GPIOParameters=GPIO_Label
PE14.GPIO_Label=SET_R2
PE14.Locked=true
PE14.Signal=GPIO_Output
PE15.GPIOParameters=GPIO_Label
PE15.GPIO_Label=RESET_R3
PE15.Locked=true
PE15.Signal=GPIO_Output
PE2.GPIOParameters=GPIO_PuPd,GPIO_Label
PE2.GPIO_Label=QSPI_D2
PE2.GPIO_PuPd=GPIO_PULLUP
PE2.Locked=true
PE2.Mode=Single Bank 1
PE2.Signal=QUADSPI_BK1_IO2
PE7.GPIOParameters=GPIO_Label
PE7.GPIO_Label=SET_WARMUP_2
PE7.Locked=true
PE7.Signal=GPIO_Output
PE8.GPIOParameters=GPIO_Label
PE8.GPIO_Label=RESET_WARMUP_2
PE8.Locked=true
PE8.Signal=GPIO_Output
PE9.GPIOParameters=GPIO_Label
PE9.GPIO_Label=RESET_AG420_1_TR1
PE9.Locked=true
PE9.Signal=GPIO_Output
PF0.GPIOParameters=GPIO_Label
PF0.GPIO_Label=RESET_CH1_AG-
PF0.Locked=true
PF0.Signal=GPIO_Output
PF1.GPIOParameters=GPIO_Label
PF1.GPIO_Label=SET_CH1_AG-
PF1.Locked=true
PF1.Signal=GPIO_Output
PF10.GPIOParameters=GPIO_Label
PF10.GPIO_Label=ISP_EN
PF10.Locked=true
PF10.Signal=GPIO_Output
PF11.GPIOParameters=GPIO_Label
PF11.GPIO_Label=RESET_AG401_1_2
PF11.Locked=true
PF11.Signal=GPIO_Output
PF12.GPIOParameters=GPIO_Label
PF12.GPIO_Label=SET_CH1_AG+
PF12.Locked=true
PF12.Signal=GPIO_Output
PF13.GPIOParameters=GPIO_Label
PF13.GPIO_Label=RESET_CH1_AG+
PF13.Locked=true
PF13.Signal=GPIO_Output
PF14.GPIOParameters=GPIO_Label
PF14.GPIO_Label=SET_AG420_1_CH2
PF14.Locked=true
PF14.Signal=GPIO_Output
PF15.GPIOParameters=GPIO_Label
PF15.GPIO_Label=RESET_AG420_1_CH2
PF15.Locked=true
PF15.Signal=GPIO_Output
PF2.GPIOParameters=GPIO_Label
PF2.GPIO_Label=SET_AG420_2_CR
PF2.Locked=true
PF2.Signal=GPIO_Output
PF3.GPIOParameters=GPIO_Label
PF3.GPIO_Label=SET_AG420_1_TR2
PF3.Locked=true
PF3.Signal=GPIO_Output
PF4.GPIOParameters=GPIO_Label
PF4.GPIO_Label=RESET_AG420_1_TR2
PF4.Locked=true
PF4.Signal=GPIO_Output
PF5.GPIOParameters=GPIO_Label
PF5.GPIO_Label=ISP_DETECT
PF5.Locked=true
PF5.Signal=GPIO_Input
PF6.GPIOParameters=GPIO_Label
PF6.GPIO_Label=ISP_RST
PF6.Locked=true
PF6.Signal=GPIO_Output
PF7.GPIOParameters=GPIO_Label
PF7.GPIO_Label=ISP_CLK
PF7.Locked=true
PF7.Mode=Full_Duplex_Master
PF7.Signal=SPI5_SCK
PF8.GPIOParameters=GPIO_Label
PF8.GPIO_Label=ISP_MISO
PF8.Locked=true
PF8.Mode=Full_Duplex_Master
PF8.Signal=SPI5_MISO
PF9.GPIOParameters=GPIO_Label
PF9.GPIO_Label=ISP_MOSI
PF9.Locked=true
PF9.Mode=Full_Duplex_Master
PF9.Signal=SPI5_MOSI
PH0/OSC_IN.Locked=true
PH0/OSC_IN.Mode=HSE-External-Oscillator
PH0/OSC_IN.Signal=RCC_OSC_IN
PH1/OSC_OUT.Locked=true
PH1/OSC_OUT.Mode=HSE-External-Oscillator
PH1/OSC_OUT.Signal=RCC_OSC_OUT
PH10.GPIOParameters=GPIO_Label
PH10.GPIO_Label=SET_R5
PH10.Locked=true
PH10.Signal=GPIO_Output
PH11.GPIOParameters=GPIO_Label
PH11.GPIO_Label=RESET_R6
PH11.Locked=true
PH11.Signal=GPIO_Output
PH12.GPIOParameters=GPIO_Label
PH12.GPIO_Label=SET_R6
PH12.Locked=true
PH12.Signal=GPIO_Output
PH13.GPIOParameters=GPIO_Label
PH13.GPIO_Label=DAC_LDAC
PH13.Locked=true
PH13.Signal=GPIO_Output
PH14.GPIOParameters=GPIO_Label
PH14.GPIO_Label=DAC_CLR
PH14.Locked=true
PH14.Signal=GPIO_Output
PH15.GPIOParameters=GPIO_Label
PH15.GPIO_Label=DAC_RESET
PH15.Locked=true
PH15.Signal=GPIO_Output
PH2.GPIOParameters=GPIO_Label
PH2.GPIO_Label=SET_CH2_AG+
PH2.Locked=true
PH2.Signal=GPIO_Output
PH3.GPIOParameters=GPIO_Label
PH3.GPIO_Label=RESET_CH2_AG+
PH3.Locked=true
PH3.Signal=GPIO_Output
PH4.GPIOParameters=GPIO_Label
PH4.GPIO_Label=RESET_AG420_2_CH2
PH4.Locked=true
PH4.Signal=GPIO_Output
PH5.GPIOParameters=GPIO_Label
PH5.GPIO_Label=SET_AG420_2_CH2
PH5.Locked=true
PH5.Signal=GPIO_Output
PH6.GPIOParameters=GPIO_Label
PH6.GPIO_Label=SET_R3
PH6.Locked=true
PH6.Signal=GPIO_Output
PH7.GPIOParameters=GPIO_Label
PH7.GPIO_Label=RESET_R4
PH7.Locked=true
PH7.Signal=GPIO_Output
PH8.GPIOParameters=GPIO_Label
PH8.GPIO_Label=SET_R4
PH8.Locked=true
PH8.Signal=GPIO_Output
PH9.GPIOParameters=GPIO_Label
PH9.GPIO_Label=RESET_R5
PH9.Locked=true
PH9.Signal=GPIO_Output
PI0.GPIOParameters=GPIO_Label
PI0.GPIO_Label=DAC_SYNC
PI0.Locked=true
PI0.Signal=GPIO_Output
PI1.GPIOParameters=GPIO_Label
PI1.GPIO_Label=DAC_CLK
PI1.Locked=true
PI1.Mode=Full_Duplex_Master
PI1.Signal=SPI2_SCK
PI10.GPIOParameters=GPIO_Label
PI10.GPIO_Label=SET_CH2_AG-
PI10.Locked=true
PI10.Signal=GPIO_Output
PI11.GPIOParameters=GPIO_Label
PI11.GPIO_Label=RESET_CH2_AG-
PI11.Locked=true
PI11.Signal=GPIO_Output
PI12.GPIOParameters=GPIO_Label
PI12.GPIO_Label=RESET_AG420_2_CR
PI12.Locked=true
PI12.Signal=GPIO_Output
PI13.GPIOParameters=GPIO_Label
PI13.GPIO_Label=SET_AG420_2_TR2
PI13.Locked=true
PI13.Signal=GPIO_Output
PI14.GPIOParameters=GPIO_Label
PI14.GPIO_Label=RESET_AG420_2_TR2
PI14.Locked=true
PI14.Signal=GPIO_Output
PI15.GPIOParameters=GPIO_Label
PI15.GPIO_Label=SET_AG401_1_2
PI15.Locked=true
PI15.Signal=GPIO_Output
PI2.GPIOParameters=GPIO_Label
PI2.GPIO_Label=DAC_SDO
PI2.Locked=true
PI2.Mode=Full_Duplex_Master
PI2.Signal=SPI2_MISO
PI3.GPIOParameters=GPIO_Label
PI3.GPIO_Label=DAC_SDIN
PI3.Locked=true
PI3.Mode=Full_Duplex_Master
PI3.Signal=SPI2_MOSI
PI4.GPIOParameters=GPIO_Label
PI4.GPIO_Label=SET_AG420_1_CH1
PI4.Locked=true
PI4.Signal=GPIO_Output
PI5.GPIOParameters=GPIO_Label
PI5.GPIO_Label=RESET_AG420_1_CH1
PI5.Locked=true
PI5.Signal=GPIO_Output
PI6.GPIOParameters=GPIO_Label
PI6.GPIO_Label=SET_AG401_2_1
PI6.Locked=true
PI6.Signal=GPIO_Output
PI7.GPIOParameters=GPIO_Label
PI7.GPIO_Label=RESET_AG401_2_1
PI7.Locked=true
PI7.Signal=GPIO_Output
PI8.GPIOParameters=GPIO_Label
PI8.GPIO_Label=RESET_AG401_1_1
PI8.Locked=true
PI8.Signal=GPIO_Output
PI9.GPIOParameters=GPIO_Label
PI9.GPIO_Label=SET_AG401_1_1
PI9.Locked=true
PI9.Signal=GPIO_Output
PinOutPanel.RotationAngle=0
ProjectManager.AskForMigrate=true
ProjectManager.BackupPrevious=false
ProjectManager.CompilerOptimize=2
ProjectManager.ComputerToolchain=false
ProjectManager.CoupleFile=true
ProjectManager.CustomerFirmwarePackage=
ProjectManager.DefaultFWLocation=true
ProjectManager.DeletePrevious=true
ProjectManager.DeviceId=STM32F746BGTx
ProjectManager.FirmwarePackage=STM32Cube FW_F7 V1.12.0
ProjectManager.FreePins=true
ProjectManager.HalAssertFull=false
ProjectManager.HeapSize=0x10000
ProjectManager.KeepUserCode=true
ProjectManager.LastFirmware=true
ProjectManager.LibraryCopy=2
ProjectManager.MainLocation=Src
ProjectManager.PreviousToolchain=
ProjectManager.ProjectBuild=false
ProjectManager.ProjectFileName=testmodule_lpa_151.ioc
ProjectManager.ProjectName=testmodule_lpa_151
ProjectManager.StackSize=0x1000
ProjectManager.TargetToolchain=MDK-ARM V5
ProjectManager.ToolChainLocation=D\:\\YandexDisk\\Altium\\Projects\\mtb_151_top_top\\Project Outputs for mtb_151_top_top
ProjectManager.UnderRoot=false
ProjectManager.functionlistsort=1-MX_GPIO_Init-GPIO-false-HAL-true,2-MX_DMA_Init-DMA-false-HAL-true,3-MX_QUADSPI_Init-QUADSPI-false-HAL-true,4-MX_USART3_UART_Init-USART3-false-HAL-true,5-MX_USB_DEVICE_Init-USB_DEVICE-false-HAL-true,6-MX_USB_HOST_Init-USB_HOST-false-HAL-true,7-SystemClock_Config-RCC-false-HAL-true,8-MX_TIM6_Init-TIM6-false-HAL-true,9-MX_TIM3_Init-TIM3-false-HAL-true,10-MX_SPI5_Init-SPI5-false-HAL-true,11-MX_SPI1_Init-SPI1-false-HAL-true,12-MX_SPI2_Init-SPI2-false-HAL-true,13-MX_CORTEX_M7_Init-CORTEX_M7-false-HAL-true
QUADSPI.ClockPrescaler=2
QUADSPI.FifoThreshold=4
QUADSPI.FlashSize=27
QUADSPI.IPParameters=ClockPrescaler,SampleShifting,FlashSize,FifoThreshold
QUADSPI.SampleShifting=QSPI_SAMPLE_SHIFTING_HALFCYCLE
RCC.AHBFreq_Value=216000000
RCC.APB1CLKDivider=RCC_HCLK_DIV4
RCC.APB1Freq_Value=54000000
RCC.APB1TimFreq_Value=108000000
RCC.APB2CLKDivider=RCC_HCLK_DIV4
RCC.APB2Freq_Value=54000000
RCC.APB2TimFreq_Value=108000000
RCC.CECFreq_Value=32786.88524590164
RCC.CortexFreq_Value=27000000
RCC.Cortex_Div=SYSTICK_CLKSOURCE_HCLK_DIV8
RCC.EthernetFreq_Value=216000000
RCC.FCLKCortexFreq_Value=216000000
RCC.FamilyName=M
RCC.HCLKFreq_Value=216000000
RCC.HSE_VALUE=8000000
RCC.HSI_VALUE=16000000
RCC.I2C1CLockSelection=RCC_I2C1CLKSOURCE_HSI
RCC.I2C1Freq_Value=16000000
RCC.I2C2CLockSelection=RCC_I2C2CLKSOURCE_HSI
RCC.I2C2Freq_Value=16000000
RCC.I2C3Freq_Value=54000000
RCC.I2C4Freq_Value=54000000
RCC.I2SFreq_Value=50000000
RCC.IPParameters=AHBFreq_Value,APB1CLKDivider,APB1Freq_Value,APB1TimFreq_Value,APB2CLKDivider,APB2Freq_Value,APB2TimFreq_Value,CECFreq_Value,CortexFreq_Value,Cortex_Div,EthernetFreq_Value,FCLKCortexFreq_Value,FamilyName,HCLKFreq_Value,HSE_VALUE,HSI_VALUE,I2C1CLockSelection,I2C1Freq_Value,I2C2CLockSelection,I2C2Freq_Value,I2C3Freq_Value,I2C4Freq_Value,I2SFreq_Value,LCDTFToutputFreq_Value,LPTIM1Freq_Value,LSI_VALUE,MCO2PinFreq_Value,PLLCLKFreq_Value,PLLI2SN,PLLI2SPCLKFreq_Value,PLLI2SQCLKFreq_Value,PLLI2SRCLKFreq_Value,PLLI2SRoutputFreq_Value,PLLM,PLLN,PLLQ,PLLQCLKFreq_Value,PLLQoutputFreq_Value,PLLSAIN,PLLSAIP,PLLSAIPCLKFreq_Value,PLLSAIQCLKFreq_Value,PLLSAIR,PLLSAIRCLKFreq_Value,PLLSAIRDiv,PLLSAIoutputFreq_Value,RCC_RTC_Clock_Source_FROM_HSE,RNGFreq_Value,RTCClockSelection,RTCFreq_Value,SAI1Freq_Value,SAI2Freq_Value,SDMMCClockSelection,SDMMCFreq_Value,SPDIFRXFreq_Value,SYSCLKFreq_VALUE,SYSCLKSource,UART4Freq_Value,UART5Freq_Value,UART7Freq_Value,UART8Freq_Value,USART1CLockSelection,USART1Freq_Value,USART2CLockSelection,USART2Freq_Value,USART3Freq_Value,USART6Freq_Value,USBFreq_Value,VCOI2SOutputFreq_Value,VCOInputFreq_Value,VCOOutputFreq_Value,VCOSAIOutputFreq_Value
RCC.LCDTFToutputFreq_Value=1562500
RCC.LPTIM1Freq_Value=54000000
RCC.LSI_VALUE=32000
RCC.MCO2PinFreq_Value=216000000
RCC.PLLCLKFreq_Value=216000000
RCC.PLLI2SN=50
RCC.PLLI2SPCLKFreq_Value=50000000
RCC.PLLI2SQCLKFreq_Value=50000000
RCC.PLLI2SRCLKFreq_Value=50000000
RCC.PLLI2SRoutputFreq_Value=50000000
RCC.PLLM=4
RCC.PLLN=216
RCC.PLLQ=9
RCC.PLLQCLKFreq_Value=48000000
RCC.PLLQoutputFreq_Value=48000000
RCC.PLLSAIN=50
RCC.PLLSAIP=RCC_PLLSAIP_DIV8
RCC.PLLSAIPCLKFreq_Value=12500000
RCC.PLLSAIQCLKFreq_Value=50000000
RCC.PLLSAIR=4
RCC.PLLSAIRCLKFreq_Value=25000000
RCC.PLLSAIRDiv=RCC_PLLSAIDIVR_16
RCC.PLLSAIoutputFreq_Value=12500000
RCC.RCC_RTC_Clock_Source_FROM_HSE=RCC_RTCCLKSOURCE_HSE_DIV31
RCC.RNGFreq_Value=48000000
RCC.RTCClockSelection=RCC_RTCCLKSOURCE_LSE
RCC.RTCFreq_Value=32768
RCC.SAI1Freq_Value=50000000
RCC.SAI2Freq_Value=50000000
RCC.SDMMCClockSelection=RCC_SDMMC1CLKSOURCE_CLK48
RCC.SDMMCFreq_Value=48000000
RCC.SPDIFRXFreq_Value=50000000
RCC.SYSCLKFreq_VALUE=216000000
RCC.SYSCLKSource=RCC_SYSCLKSOURCE_PLLCLK
RCC.UART4Freq_Value=54000000
RCC.UART5Freq_Value=54000000
RCC.UART7Freq_Value=54000000
RCC.UART8Freq_Value=54000000
RCC.USART1CLockSelection=RCC_USART1CLKSOURCE_HSI
RCC.USART1Freq_Value=16000000
RCC.USART2CLockSelection=RCC_USART2CLKSOURCE_HSI
RCC.USART2Freq_Value=16000000
RCC.USART3Freq_Value=54000000
RCC.USART6Freq_Value=54000000
RCC.USBFreq_Value=48000000
RCC.VCOI2SOutputFreq_Value=100000000
RCC.VCOInputFreq_Value=2000000
RCC.VCOOutputFreq_Value=432000000
RCC.VCOSAIOutputFreq_Value=100000000
SH.GPXTI10.0=GPIO_EXTI10
SH.GPXTI10.ConfNb=1
SH.GPXTI9.0=GPIO_EXTI9
SH.GPXTI9.ConfNb=1
SH.S_TIM3_CH1.0=TIM3_CH1,Encoder_Interface
SH.S_TIM3_CH1.ConfNb=1
SH.S_TIM3_CH2.0=TIM3_CH2,Encoder_Interface
SH.S_TIM3_CH2.ConfNb=1
SPI1.BaudRatePrescaler=SPI_BAUDRATEPRESCALER_32
SPI1.CalculateBaudRate=1.6875 MBits/s
SPI1.DataSize=SPI_DATASIZE_8BIT
SPI1.Direction=SPI_DIRECTION_2LINES
SPI1.IPParameters=VirtualType,Mode,Direction,CalculateBaudRate,DataSize,BaudRatePrescaler,NSSPMode
SPI1.Mode=SPI_MODE_MASTER
SPI1.NSSPMode=SPI_NSS_PULSE_DISABLE
SPI1.VirtualType=VM_MASTER
SPI2.BaudRatePrescaler=SPI_BAUDRATEPRESCALER_64
SPI2.CLKPhase=SPI_PHASE_1EDGE
SPI2.CLKPolarity=SPI_POLARITY_HIGH
SPI2.CalculateBaudRate=843.75 KBits/s
SPI2.DataSize=SPI_DATASIZE_8BIT
SPI2.Direction=SPI_DIRECTION_2LINES
SPI2.IPParameters=VirtualType,Mode,Direction,CalculateBaudRate,DataSize,CLKPhase,BaudRatePrescaler,CLKPolarity
SPI2.Mode=SPI_MODE_MASTER
SPI2.VirtualType=VM_MASTER
SPI5.BaudRatePrescaler=SPI_BAUDRATEPRESCALER_32
SPI5.CalculateBaudRate=1.6875 MBits/s
SPI5.DataSize=SPI_DATASIZE_8BIT
SPI5.Direction=SPI_DIRECTION_2LINES
SPI5.IPParameters=VirtualType,Mode,Direction,CalculateBaudRate,DataSize,BaudRatePrescaler,NSSPMode
SPI5.Mode=SPI_MODE_MASTER
SPI5.NSSPMode=SPI_NSS_PULSE_DISABLE
SPI5.VirtualType=VM_MASTER
TIM3.IPParameters=Period
TIM3.Period=encoder_max
TIM6.IPParameters=Prescaler,Period
TIM6.Period=30
TIM6.Prescaler=216
USART3.BaudRate=1000000
USART3.DMADisableonRxErrorParam=ADVFEATURE_DMA_DISABLEONRXERROR
USART3.IPParameters=WordLength,OneBitSampling,BaudRate,OverSampling,OverrunDisableParam,DMADisableonRxErrorParam,VirtualMode-Asynchronous
USART3.OneBitSampling=UART_ONE_BIT_SAMPLE_DISABLE
USART3.OverSampling=UART_OVERSAMPLING_8
USART3.OverrunDisableParam=ADVFEATURE_OVERRUN_DISABLE
USART3.VirtualMode-Asynchronous=VM_ASYNC
USART3.WordLength=WORDLENGTH_8B
USB_DEVICE.CLASS_NAME-CDC_FS=CDC
USB_DEVICE.CLASS_NAME_FS=CDC
USB_DEVICE.CONFIGURATION_STRING_CDC_FS=Main cdc config
USB_DEVICE.INTERFACE_STRING_CDC_FS=Main cdc interface
USB_DEVICE.IPParameters=VirtualMode-CDC_FS,VirtualModeFS,USBD_HandleTypeDef-CDC_FS,CLASS_NAME-CDC_FS,CLASS_NAME_FS,USBD_LPM_ENABLED-CDC_FS,MANUFACTURER_STRING-CDC_FS,PRODUCT_STRING_CDC_FS,SERIALNUMBER_STRING_CDC_FS,CONFIGURATION_STRING_CDC_FS,INTERFACE_STRING_CDC_FS,USBD_MAX_STR_DESC_SIZ-CDC_FS,USBD_SUPPORT_USER_STRING-CDC_FS,USBD_SELF_POWERED-CDC_FS
USB_DEVICE.MANUFACTURER_STRING-CDC_FS=LPAdevice
USB_DEVICE.PRODUCT_STRING_CDC_FS=LPA debug port
USB_DEVICE.SERIALNUMBER_STRING_CDC_FS=1
USB_DEVICE.USBD_HandleTypeDef-CDC_FS=hUsbDeviceFS
USB_DEVICE.USBD_LPM_ENABLED-CDC_FS=0
USB_DEVICE.USBD_MAX_STR_DESC_SIZ-CDC_FS=128
USB_DEVICE.USBD_SELF_POWERED-CDC_FS=1
USB_DEVICE.USBD_SUPPORT_USER_STRING-CDC_FS=0
USB_DEVICE.VirtualMode-CDC_FS=Cdc
USB_DEVICE.VirtualModeFS=Cdc_FS
USB_HOST.IPParameters=VirtualModeHS,USBH_HandleTypeDef-HID_HS,USBH_KEEP_CFG_DESCRIPTOR-HID_HS,USBH_DEBUG_LEVEL-HID_HS,USBH_MAX_DATA_BUFFER-HID_HS,USBH_MAX_NUM_INTERFACES-HID_HS,USBH_MAX_SIZE_CONFIGURATION-HID_HS,USBH_MAX_NUM_ENDPOINTS-HID_HS
USB_HOST.USBH_DEBUG_LEVEL-HID_HS=0
USB_HOST.USBH_HandleTypeDef-HID_HS=hUsbHostHS
USB_HOST.USBH_KEEP_CFG_DESCRIPTOR-HID_HS=0
USB_HOST.USBH_MAX_DATA_BUFFER-HID_HS=256
USB_HOST.USBH_MAX_NUM_ENDPOINTS-HID_HS=4
USB_HOST.USBH_MAX_NUM_INTERFACES-HID_HS=1
USB_HOST.USBH_MAX_SIZE_CONFIGURATION-HID_HS=128
USB_HOST.VirtualModeHS=Hid
USB_OTG_FS.IPParameters=VirtualMode,dma_enable,vbus_sensing_enable,Sof_enable-Device_Only,lpm_enable,low_power_enable
USB_OTG_FS.Sof_enable-Device_Only=DISABLE
USB_OTG_FS.VirtualMode=Device_Only
USB_OTG_FS.dma_enable=DISABLE
USB_OTG_FS.low_power_enable=DISABLE
USB_OTG_FS.lpm_enable=DISABLE
USB_OTG_FS.vbus_sensing_enable=DISABLE
USB_OTG_HS.IPParameters=VirtualMode-Host_FS
USB_OTG_HS.VirtualMode-Host_FS=Host_FS
VP_SYS_VS_Systick.Mode=SysTick
VP_SYS_VS_Systick.Signal=SYS_VS_Systick
VP_TIM6_VS_ClockSourceINT.Mode=Enable_Timer
VP_TIM6_VS_ClockSourceINT.Signal=TIM6_VS_ClockSourceINT
VP_TIM6_VS_OPM.Mode=OPM_bit
VP_TIM6_VS_OPM.Signal=TIM6_VS_OPM
VP_USB_DEVICE_VS_USB_DEVICE_CDC_FS.Mode=CDC_FS
VP_USB_DEVICE_VS_USB_DEVICE_CDC_FS.Signal=USB_DEVICE_VS_USB_DEVICE_CDC_FS
VP_USB_HOST_VS_USB_HOST_HID_HS.Mode=HID_HS
VP_USB_HOST_VS_USB_HOST_HID_HS.Signal=USB_HOST_VS_USB_HOST_HID_HS
board=testmodule_lpa_151
boardIOC=true
